
Microsoft Visual Studio Solution File, Format Version 12.00
# Visual Studio 15
VisualStudioVersion = 15.0.26430.14
MinimumVisualStudioVersion = 10.0.40219.1
Project("{FAE04EC0-301F-11D3-BF4B-00C04F79EFBC}") = "PortalOgloszen", "PortalOgloszen\PortalOgloszen.csproj", "{BFA88AA5-44A0-4B99-9663-8CA49FA59268}"
EndProject
Project("{FAE04EC0-301F-11D3-BF4B-00C04F79EFBC}") = "PortalOgloszen.Tests", "PortalOgloszen.Tests\PortalOgloszen.Tests.csproj", "{AD1DF601-3E03-42C1-B02C-A06C5D560304}"
EndProject
Global
	GlobalSection(SolutionConfigurationPlatforms) = preSolution
		Debug|Any CPU = Debug|Any CPU
		Release|Any CPU = Release|Any CPU
	EndGlobalSection
	GlobalSection(ProjectConfigurationPlatforms) = postSolution
		{BFA88AA5-44A0-4B99-9663-8CA49FA59268}.Debug|Any CPU.ActiveCfg = Debug|Any CPU
		{BFA88AA5-44A0-4B99-9663-8CA49FA59268}.Debug|Any CPU.Build.0 = Debug|Any CPU
		{BFA88AA5-44A0-4B99-9663-8CA49FA59268}.Release|Any CPU.ActiveCfg = Release|Any CPU
		{BFA88AA5-44A0-4B99-9663-8CA49FA59268}.Release|Any CPU.Build.0 = Release|Any CPU
		{AD1DF601-3E03-42C1-B02C-A06C5D560304}.Debug|Any CPU.ActiveCfg = Debug|Any CPU
		{AD1DF601-3E03-42C1-B02C-A06C5D560304}.Debug|Any CPU.Build.0 = Debug|Any CPU
		{AD1DF601-3E03-42C1-B02C-A06C5D560304}.Release|Any CPU.ActiveCfg = Release|Any CPU
		{AD1DF601-3E03-42C1-B02C-A06C5D560304}.Release|Any CPU.Build.0 = Release|Any CPU
	EndGlobalSection
	GlobalSection(SolutionProperties) = preSolution
		HideSolutionNode = FALSE
	EndGlobalSection
EndGlobal
